9fans.net/go v0.0.0-20180717171924-686fd9f8d3f0 h1:P0t5/6lhNrYooAUPjMpV7JIZNGHSLTNI9lyyGRyuwA4=
9fans.net/go v0.0.0-20180717171924-686fd9f8d3f0/go.mod h1:diCsxrliIURU9xsYtjCp5AbpQKqdhKmf0ujWDUSkfoY=
github.com/alecthomas/gometalinter v2.0.6+incompatible/go.mod h1:qfIpQGGz3d+NmgyPBqv+LSh50emm1pt72EtcX2vKYQk=
github.com/fatih/camelcase v0.0.0-20171027104257-44e46d280b43 h1:3RIS+pIRWsJm1s9tnI/t5LXJcfPFtlkE6kj2uC+aBtk=
github.com/fatih/camelcase v0.0.0-20171027104257-44e46d280b43/go.mod h1:yN2Sb0lFhZJUdVvtELVWefmrXpuZESvPmqwoZc+/fpc=
github.com/fatih/gomodifytags v0.0.0-20180122092213-db1e1dec6c55 h1:z/jXhv2d8arDvEBdvLaCFFNYQ5XPSZuqTOpCjhT0Srg=
github.com/fatih/gomodifytags v0.0.0-20180122092213-db1e1dec6c55/go.mod h1:0v00WCSoB6NOvydakcJfKt9Q8Y9DYQ0tORi3oMWysPQ=
github.com/fatih/motion v0.0.0-20180408211639-218875ebe238 h1:Qo4RxRMFag+fvDqQ6A3MblYBormptQUZ1ssOtV+EeQ8=
github.com/fatih/motion v0.0.0-20180408211639-218875ebe238/go.mod h1:pseIrV+t9A4+po+KJ1LheSnYH8m1qs6WhKx2zFiGi9I=
github.com/fatih/structtag v0.1.0 h1:l4PD+O/sJ5iSvou7UoLjxhNgpb23b+cq2mBYhrQ2hP0=
github.com/fatih/structtag v0.1.0/go.mod h1:IKitwq45uXL/yqi5mYghiD3w9H6eTOvI9vnk8tXMphA=
github.com/go-yaml/yaml v2.1.0+incompatible h1:RYi2hDdss1u4YE7GwixGzWwVo47T8UQwnTLB6vQiq+o=
github.com/go-yaml/yaml v2.1.0+incompatible/go.mod h1:w2MrLa16VYP0jy6N7M5kHaCkaLENm+P+Tv+MfurjSw0=
github.com/jessevdk/go-flags v1.4.0 h1:4IU2WS7AumrZ/40jfhf4QVDMsQwqA7VEHozFRrGARJA=
github.com/jessevdk/go-flags v1.4.0/go.mod h1:4FA24M0QyGHXBuZZK/XkWh8h0e1EYbRYJSGM75WSRxI=
github.com/josharian/impl v0.0.0-20180228163738-3d0f908298c4 h1:gmIVMdGlVf5e6Yo6+ZklxdOrvtOvyrAjJyXAbmOznyo=
github.com/josharian/impl v0.0.0-20180228163738-3d0f908298c4/go.mod h1:t4Tr0tn92eq5ISef4cS5plFAMYAqZlAXtgUcKE6y8nw=
github.com/jstemmer/gotags v1.4.1 h1:aWIyXsU3lTDqhsEC49MP85p2cUUWr2ptvdGNqqGA3r4=
github.com/jstemmer/gotags v1.4.1/go.mod h1:b6J3X0bsLbR4C5SgSx3V3KjuWTtmRzcmWPbTkWZ49PA=
github.com/kisielk/errcheck v1.1.0 h1:ZqfnKyx9KGpRcW04j5nnPDgRgoXUeLh2YFBeFzphcA0=
github.com/kisielk/errcheck v1.1.0/go.mod h1:EZBBE59ingxPouuu3KfxchcWSUPOHkagtvWXihfKN4Q=
github.com/kisielk/gotool v1.0.0 h1:AV2c/EiW3KqPNT9ZKl07ehoAGi4C5/01Cfbblndcapg=
github.com/kisielk/gotool v1.0.0/go.mod h1:XhKaO+MFFWcvkIS/tQcRk01m1F5IRFswLeQ+oQHNcck=
github.com/rogpeppe/godef v0.0.0-20170920080713-b692db1de522 h1:MzB6wOOru/yUkJs6iTkTa0UuKZlc2WAo/jr1TnBH+Sw=
github.com/rogpeppe/godef v0.0.0-20170920080713-b692db1de522/go.mod h1:ZBiG/aArN4rqpDocvOY8PVZIVqBTm7A2uOasqHjXt9Y=
github.com/uoregon-libraries/gopkg v0.0.0-20180717193926-dfac8e0fdf03/go.mod h1:KatIECqGk8WQe3IvA7h8JcODrAyEwpEfhsxF2bYrKw8=
github.com/zmb3/gogetdoc v0.0.0-20180522031303-10095872a7c5 h1:+KZrWK00kQe9GE16QoWtyuDf6ZF1vXZ43Q/dhRaWpsQ=
github.com/zmb3/gogetdoc v0.0.0-20180522031303-10095872a7c5/go.mod h1:ypSS7d5A7vLlcgpQpCK+OHYJ2X3jZSKrEOmspZcOSHI=
golang.org/x/tools v0.0.0-20180221164845-07fd8470d635/go.mod h1:n7NCudcB/nEzxVGmLbDWY5pfWTLqBcC2KZ6jyYvM4mQ=
golang.org/x/tools v0.0.0-20180725204453-b1e4acd68ab6 h1:WTs/ZJrHHhT2/c6FPUdc1rp7a6hbjwtPwCNhT4b0GrA=
golang.org/x/tools v0.0.0-20180725204453-b1e4acd68ab6/go.mod h1:n7NCudcB/nEzxVGmLbDWY5pfWTLqBcC2KZ6jyYvM4mQ=
